// !$*UTF8*$!
{
	archiveVersion = 1;
	classes = {
	};
	objectVersion = 50;
	objects = {

/* Begin PBXBuildFile section */
		EBE441AA251E36BF00E8517C /* SwiftUI_HWSApp.swift in Sources */ = {isa = PBXBuildFile; fileRef = EBE441A9251E36BF00E8517C /* SwiftUI_HWSApp.swift */; };
		EBE441AC251E36BF00E8517C /* HomeView.swift in Sources */ = {isa = PBXBuildFile; fileRef = EBE441AB251E36BF00E8517C /* HomeView.swift */; };
		EBE441AE251E36C100E8517C /* Assets.xcassets in Resources */ = {isa = PBXBuildFile; fileRef = EBE441AD251E36C100E8517C /* Assets.xcassets */; };
		EBE441B1251E36C100E8517C /* Preview Assets.xcassets in Resources */ = {isa = PBXBuildFile; fileRef = EBE441B0251E36C100E8517C /* Preview Assets.xcassets */; };
		EBE441BE251E38E900E8517C /* WeSplitView.swift in Sources */ = {isa = PBXBuildFile; fileRef = EBE441BD251E38E900E8517C /* WeSplitView.swift */; };
/* End PBXBuildFile section */

/* Begin PBXFileReference section */
		EBE441A6251E36BF00E8517C /* SwiftUI-HWS.app */ = {isa = PBXFileReference; explicitFileType = wrapper.application; includeInIndex = 0; path = "SwiftUI-HWS.app"; sourceTree = BUILT_PRODUCTS_DIR; };
		EBE441A9251E36BF00E8517C /* SwiftUI_HWSApp.swift */ = {isa = PBXFileReference; lastKnownFileType = sourcecode.swift; path = SwiftUI_HWSApp.swift; sourceTree = "<group>"; };
		EBE441AB251E36BF00E8517C /* HomeView.swift */ = {isa = PBXFileReference; lastKnownFileType = sourcecode.swift; path = HomeView.swift; sourceTree = "<group>"; };
		EBE441AD251E36C100E8517C /* Assets.xcassets */ = {isa = PBXFileReference; lastKnownFileType = folder.assetcatalog; path = Assets.xcassets; sourceTree = "<group>"; };
		EBE441B0251E36C100E8517C /* Preview Assets.xcassets */ = {isa = PBXFileReference; lastKnownFileType = folder.assetcatalog; path = "Preview Assets.xcassets"; sourceTree = "<group>"; };
		EBE441B2251E36C100E8517C /* Info.plist */ = {isa = PBXFileReference; lastKnownFileType = text.plist.xml; path = Info.plist; sourceTree = "<group>"; };
		EBE441BD251E38E900E8517C /* WeSplitView.swift */ = {isa = PBXFileReference; lastKnownFileType = sourcecode.swift; path = WeSplitView.swift; sourceTree = "<group>"; };
/* End PBXFileReference section */

/* Begin PBXFrameworksBuildPhase section */
		EBE441A3251E36BF00E8517C /* Frameworks */ = {
			isa = PBXFrameworksBuildPhase;
			buildActionMask = 2147483647;
			files = (
			);
			runOnlyForDeploymentPostprocessing = 0;
		};
/* End PBXFrameworksBuildPhase section */

/* Begin PBXGroup section */
		EBC6A0242521CFC3002241E0 /* GuessTheFlag */ = {
			isa = PBXGroup;
			children = (
			);
			path = GuessTheFlag;
			sourceTree = "<group>";
		};
		EBE4419D251E36BF00E8517C = {
			isa = PBXGroup;
			children = (
				EBE441A8251E36BF00E8517C /* SwiftUI-HWS */,
				EBE441A7251E36BF00E8517C /* Products */,
			);
			sourceTree = "<group>";
		};
		EBE441A7251E36BF00E8517C /* Products */ = {
			isa = PBXGroup;
			children = (
				EBE441A6251E36BF00E8517C /* SwiftUI-HWS.app */,
			);
			name = Products;
			sourceTree = "<group>";
		};
		EBE441A8251E36BF00E8517C /* SwiftUI-HWS */ = {
			isa = PBXGroup;
			children = (
				EBE441BA251E371E00E8517C /* AppController */,
				EBE441B9251E371400E8517C /* HomeView */,
				EBE441BB251E387700E8517C /* Apps */,
				EBE441AD251E36C100E8517C /* Assets.xcassets */,
				EBE441B2251E36C100E8517C /* Info.plist */,
				EBE441AF251E36C100E8517C /* Preview Content */,
			);
			path = "SwiftUI-HWS";
			sourceTree = "<group>";
		};
		EBE441AF251E36C100E8517C /* Preview Content */ = {
			isa = PBXGroup;
			children = (
				EBE441B0251E36C100E8517C /* Preview Assets.xcassets */,
			);
			path = "Preview Content";
			sourceTree = "<group>";
		};
		EBE441B9251E371400E8517C /* HomeView */ = {
			isa = PBXGroup;
			children = (
				EBE441AB251E36BF00E8517C /* HomeView.swift */,
			);
			path = HomeView;
			sourceTree = "<group>";
		};
		EBE441BA251E371E00E8517C /* AppController */ = {
			isa = PBXGroup;
			children = (
				EBE441A9251E36BF00E8517C /* SwiftUI_HWSApp.swift */,
			);
			path = AppController;
			sourceTree = "<group>";
		};
		EBE441BB251E387700E8517C /* Apps */ = {
			isa = PBXGroup;
			children = (
				EBC6A0242521CFC3002241E0 /* GuessTheFlag */,
				EBE441BC251E388F00E8517C /* WeSplit */,
			);
			path = Apps;
			sourceTree = "<group>";
		};
		EBE441BC251E388F00E8517C /* WeSplit */ = {
			isa = PBXGroup;
			children = (
				EBE441BD251E38E900E8517C /* WeSplitView.swift */,
			);
			path = WeSplit;
			sourceTree = "<group>";
		};
/* End PBXGroup section */

/* Begin PBXNativeTarget section */
		EBE441A5251E36BF00E8517C /* SwiftUI-HWS */ = {
			isa = PBXNativeTarget;
			buildConfigurationList = EBE441B5251E36C100E8517C /* Build configuration list for PBXNativeTarget "SwiftUI-HWS" */;
			buildPhases = (
				EBE441A2251E36BF00E8517C /* Sources */,
				EBE441A3251E36BF00E8517C /* Frameworks */,
				EBE441A4251E36BF00E8517C /* Resources */,
			);
			buildRules = (
			);
			dependencies = (
			);
			name = "SwiftUI-HWS";
			productName = "SwiftUI-HWS";
			productReference = EBE441A6251E36BF00E8517C /* SwiftUI-HWS.app */;
			productType = "com.apple.product-type.application";
		};
/* End PBXNativeTarget section */

/* Begin PBXProject section */
		EBE4419E251E36BF00E8517C /* Project object */ = {
			isa = PBXProject;
			attributes = {
				LastSwiftUpdateCheck = 1200;
				LastUpgradeCheck = 1200;
				TargetAttributes = {
					EBE441A5251E36BF00E8517C = {
						CreatedOnToolsVersion = 12.0;
					};
				};
			};
			buildConfigurationList = EBE441A1251E36BF00E8517C /* Build configuration list for PBXProject "SwiftUI-HWS" */;
			compatibilityVersion = "Xcode 9.3";
			developmentRegion = en;
			hasScannedForEncodings = 0;
			knownRegions = (
				en,
				Base,
			);
			mainGroup = EBE4419D251E36BF00E8517C;
			productRefGroup = EBE441A7251E36BF00E8517C /* Products */;
			projectDirPath = "";
			projectRoot = "";
			targets = (
				EBE441A5251E36BF00E8517C /* SwiftUI-HWS */,
			);
		};
/* End PBXProject section */

/* Begin PBXResourcesBuildPhase section */
		EBE441A4251E36BF00E8517C /* Resources */ = {
			isa = PBXResourcesBuildPhase;
			buildActionMask = 2147483647;
			files = (
				EBE441B1251E36C100E8517C /* Preview Assets.xcassets in Resources */,
				EBE441AE251E36C100E8517C /* Assets.xcassets in Resources */,
			);
			runOnlyForDeploymentPostprocessing = 0;
		};
/* End PBXResourcesBuildPhase section */

/* Begin PBXSourcesBuildPhase section */
		EBE441A2251E36BF00E8517C /* Sources */ = {
			isa = PBXSourcesBuildPhase;
			buildActionMask = 2147483647;
			files = (
				EBE441AC251E36BF00E8517C /* HomeView.swift in Sources */,
				EBE441AA251E36BF00E8517C /* SwiftUI_HWSApp.swift in Sources */,
				EBE441BE251E38E900E8517C /* WeSplitView.swift in Sources */,
			);
			runOnlyForDeploymentPostprocessing = 0;
		};
/* End PBXSourcesBuildPhase section */

/* Begin XCBuildConfiguration section */
		EBE441B3251E36C100E8517C /* Debug */ = {
			isa = XCBuildConfiguration;
			buildSettings = {
				ALWAYS_SEARCH_USER_PATHS = NO;
				CLANG_ANALYZER_NONNULL = YES;
				CLANG_ANALYZER_NUMBER_OBJECT_CONVERSION = YES_AGGRESSIVE;
				CLANG_CXX_LANGUAGE_STANDARD = "gnu++14";
				CLANG_CXX_LIBRARY = "libc++";
				CLANG_ENABLE_MODULES = YES;
				CLANG_ENABLE_OBJC_ARC = YES;
				CLANG_ENABLE_OBJC_WEAK = YES;
				CLANG_WARN_BLOCK_CAPTURE_AUTORELEASING = YES;
				CLANG_WARN_BOOL_CONVERSION = YES;
				CLANG_WARN_COMMA = YES;
				CLANG_WARN_CONSTANT_CONVERSION = YES;
				CLANG_WARN_DEPRECATED_OBJC_IMPLEMENTATIONS = YES;
				CLANG_WARN_DIRECT_OBJC_ISA_USAGE = YES_ERROR;
				CLANG_WARN_DOCUMENTATION_COMMENTS = YES;
				CLANG_WARN_EMPTY_BODY = YES;
				CLANG_WARN_ENUM_CONVERSION = YES;
				CLANG_WARN_INFINITE_RECURSION = YES;
				CLANG_WARN_INT_CONVERSION = YES;
				CLANG_WARN_NON_LITERAL_NULL_CONVERSION = YES;
				CLANG_WARN_OBJC_IMPLICIT_RETAIN_SELF = YES;
				CLANG_WARN_OBJC_LITERAL_CONVERSION = YES;
				CLANG_WARN_OBJC_ROOT_CLASS = YES_ERROR;
				CLANG_WARN_QUOTED_INCLUDE_IN_FRAMEWORK_HEADER = YES;
				CLANG_WARN_RANGE_LOOP_ANALYSIS = YES;
				CLANG_WARN_STRICT_PROTOTYPES = YES;
				CLANG_WARN_SUSPICIOUS_MOVE = YES;
				CLANG_WARN_UNGUARDED_AVAILABILITY = YES_AGGRESSIVE;
				CLANG_WARN_UNREACHABLE_CODE = YES;
				CLANG_WARN__DUPLICATE_METHOD_MATCH = YES;
				COPY_PHASE_STRIP = NO;
				DEBUG_INFORMATION_FORMAT = dwarf;
				ENABLE_STRICT_OBJC_MSGSEND = YES;
				ENABLE_TESTABILITY = YES;
				GCC_C_LANGUAGE_STANDARD = gnu11;
				GCC_DYNAMIC_NO_PIC = NO;
				GCC_NO_COMMON_BLOCKS = YES;
				GCC_OPTIMIZATION_LEVEL = 0;
				GCC_PREPROCESSOR_DEFINITIONS = (
					"DEBUG=1",
					"$(inherited)",
				);
				GCC_WARN_64_TO_32_BIT_CONVERSION = YES;
				GCC_WARN_ABOUT_RETURN_TYPE = YES_ERROR;
				GCC_WARN_UNDECLARED_SELECTOR = YES;
				GCC_WARN_UNINITIALIZED_AUTOS = YES_AGGRESSIVE;
				GCC_WARN_UNUSED_FUNCTION = YES;
				GCC_WARN_UNUSED_VARIABLE = YES;
				IPHONEOS_DEPLOYMENT_TARGET = 14.0;
				MTL_ENABLE_DEBUG_INFO = INCLUDE_SOURCE;
				MTL_FAST_MATH = YES;
				ONLY_ACTIVE_ARCH = YES;
				SDKROOT = iphoneos;
				SWIFT_ACTIVE_COMPILATION_CONDITIONS = DEBUG;
				SWIFT_OPTIMIZATION_LEVEL = "-Onone";
			};
			name = Debug;
		};
		EBE441B4251E36C100E8517C /* Release */ = {
			isa = XCBuildConfiguration;
			buildSettings = {
				ALWAYS_SEARCH_USER_PATHS = NO;
				CLANG_ANALYZER_NONNULL = YES;
				CLANG_ANALYZER_NUMBER_OBJECT_CONVERSION = YES_AGGRESSIVE;
				CLANG_CXX_LANGUAGE_STANDARD = "gnu++14";
				CLANG_CXX_LIBRARY = "libc++";
				CLANG_ENABLE_MODULES = YES;
				CLANG_ENABLE_OBJC_ARC = YES;
				CLANG_ENABLE_OBJC_WEAK = YES;
				CLANG_WARN_BLOCK_CAPTURE_AUTORELEASING = YES;
				CLANG_WARN_BOOL_CONVERSION = YES;
				CLANG_WARN_COMMA = YES;
				CLANG_WARN_CONSTANT_CONVERSION = YES;
				CLANG_WARN_DEPRECATED_OBJC_IMPLEMENTATIONS = YES;
				CLANG_WARN_DIRECT_OBJC_ISA_USAGE = YES_ERROR;
				CLANG_WARN_DOCUMENTATION_COMMENTS = YES;
				CLANG_WARN_EMPTY_BODY = YES;
				CLANG_WARN_ENUM_CONVERSION = YES;
				CLANG_WARN_INFINITE_RECURSION = YES;
				CLANG_WARN_INT_CONVERSION = YES;
				CLANG_WARN_NON_LITERAL_NULL_CONVERSION = YES;
				CLANG_WARN_OBJC_IMPLICIT_RETAIN_SELF = YES;
				CLANG_WARN_OBJC_LITERAL_CONVERSION = YES;
				CLANG_WARN_OBJC_ROOT_CLASS = YES_ERROR;
				CLANG_WARN_QUOTED_INCLUDE_IN_FRAMEWORK_HEADER = YES;
				CLANG_WARN_RANGE_LOOP_ANALYSIS = YES;
				CLANG_WARN_STRICT_PROTOTYPES = YES;
				CLANG_WARN_SUSPICIOUS_MOVE = YES;
				CLANG_WARN_UNGUARDED_AVAILABILITY = YES_AGGRESSIVE;
				CLANG_WARN_UNREACHABLE_CODE = YES;
				CLANG_WARN__DUPLICATE_METHOD_MATCH = YES;
				COPY_PHASE_STRIP = NO;
				DEBUG_INFORMATION_FORMAT = "dwarf-with-dsym";
				ENABLE_NS_ASSERTIONS = NO;
				ENABLE_STRICT_OBJC_MSGSEND = YES;
				GCC_C_LANGUAGE_STANDARD = gnu11;
				GCC_NO_COMMON_BLOCKS = YES;
				GCC_WARN_64_TO_32_BIT_CONVERSION = YES;
				GCC_WARN_ABOUT_RETURN_TYPE = YES_ERROR;
				GCC_WARN_UNDECLARED_SELECTOR = YES;
				GCC_WARN_UNINITIALIZED_AUTOS = YES_AGGRESSIVE;
				GCC_WARN_UNUSED_FUNCTION = YES;
				GCC_WARN_UNUSED_VARIABLE = YES;
				IPHONEOS_DEPLOYMENT_TARGET = 14.0;
				MTL_ENABLE_DEBUG_INFO = NO;
				MTL_FAST_MATH = YES;
				SDKROOT = iphoneos;
				SWIFT_COMPILATION_MODE = wholemodule;
				SWIFT_OPTIMIZATION_LEVEL = "-O";
				VALIDATE_PRODUCT = YES;
			};
			name = Release;
		};
		EBE441B6251E36C100E8517C /* Debug */ = {
			isa = XCBuildConfiguration;
			buildSettings = {
				ASSETCATALOG_COMPILER_APPICON_NAME = AppIcon;
				ASSETCATALOG_COMPILER_GLOBAL_ACCENT_COLOR_NAME = AccentColor;
				CODE_SIGN_STYLE = Automatic;
				DEVELOPMENT_ASSET_PATHS = "\"SwiftUI-HWS/Preview Content\"";
				DEVELOPMENT_TEAM = 226X4KTP7X;
				ENABLE_PREVIEWS = YES;
				INFOPLIST_FILE = "SwiftUI-HWS/Info.plist";
				IPHONEOS_DEPLOYMENT_TARGET = 14.0;
				LD_RUNPATH_SEARCH_PATHS = (
					"$(inherited)",
					"@executable_path/Frameworks",
				);
				PRODUCT_BUNDLE_IDENTIFIER = "com.edevloper.SwiftUI-HWS";
				PRODUCT_NAME = "$(TARGET_NAME)";
				SWIFT_VERSION = 5.0;
				TARGETED_DEVICE_FAMILY = "1,2";
			};
			name = Debug;
		};
		EBE441B7251E36C100E8517C /* Release */ = {
			isa = XCBuildConfiguration;
			buildSettings = {
				ASSETCATALOG_COMPILER_APPICON_NAME = AppIcon;
				ASSETCATALOG_COMPILER_GLOBAL_ACCENT_COLOR_NAME = AccentColor;
				CODE_SIGN_STYLE = Automatic;
				DEVELOPMENT_ASSET_PATHS = "\"SwiftUI-HWS/Preview Content\"";
				DEVELOPMENT_TEAM = 226X4KTP7X;
				ENABLE_PREVIEWS = YES;
				INFOPLIST_FILE = "SwiftUI-HWS/Info.plist";
				IPHONEOS_DEPLOYMENT_TARGET = 14.0;
				LD_RUNPATH_SEARCH_PATHS = (
					"$(inherited)",
					"@executable_path/Frameworks",
				);
				PRODUCT_BUNDLE_IDENTIFIER = "com.edevloper.SwiftUI-HWS";
				PRODUCT_NAME = "$(TARGET_NAME)";
				SWIFT_VERSION = 5.0;
				TARGETED_DEVICE_FAMILY = "1,2";
			};
			name = Release;
		};
/* End XCBuildConfiguration section */

/* Begin XCConfigurationList section */
		EBE441A1251E36BF00E8517C /* Build configuration list for PBXProject "SwiftUI-HWS" */ = {
			isa = XCConfigurationList;
			buildConfigurations = (
				EBE441B3251E36C100E8517C /* Debug */,
				EBE441B4251E36C100E8517C /* Release */,
			);
			defaultConfigurationIsVisible = 0;
			defaultConfigurationName = Release;
		};
		EBE441B5251E36C100E8517C /* Build configuration list for PBXNativeTarget "SwiftUI-HWS" */ = {
			isa = XCConfigurationList;
			buildConfigurations = (
				EBE441B6251E36C100E8517C /* Debug */,
				EBE441B7251E36C100E8517C /* Release */,
			);
			defaultConfigurationIsVisible = 0;
			defaultConfigurationName = Release;
		};
/* End XCConfigurationList section */
	};
	rootObject = EBE4419E251E36BF00E8517C /* Project object */;
}
